
Microsoft Visual Studio Solution File, Format Version 12.00
# Visual Studio Version 16
VisualStudioVersion = 16.0.31911.196
MinimumVisualStudioVersion = 10.0.40219.1
Project("{FAE04EC0-301F-11D3-BF4B-00C04F79EFBC}") = "WpfApp1", "WpfApp1\WpfApp1.csproj", "{2C5837E7-3133-49D5-B2A0-697BD71D3B07}"
EndProject
Global
	GlobalSection(SolutionConfigurationPlatforms) = preSolution
		Debug|Any CPU = Debug|Any CPU
		Release|Any CPU = Release|Any CPU
	EndGlobalSection
	GlobalSection(ProjectConfigurationPlatforms) = postSolution
		{2C5837E7-3133-49D5-B2A0-697BD71D3B07}.Debug|Any CPU.ActiveCfg = Debug|Any CPU
		{2C5837E7-3133-49D5-B2A0-697BD71D3B07}.Debug|Any CPU.Build.0 = Debug|Any CPU
		{2C5837E7-3133-49D5-B2A0-697BD71D3B07}.Release|Any CPU.ActiveCfg = Release|Any CPU
		{2C5837E7-3133-49D5-B2A0-697BD71D3B07}.Release|Any CPU.Build.0 = Release|Any CPU
	EndGlobalSection
	GlobalSection(SolutionProperties) = preSolution
		HideSolutionNode = FALSE
	EndGlobalSection
	GlobalSection(ExtensibilityGlobals) = postSolution
		SolutionGuid = {23BEC2FF-4DE4-4ADC-B835-9FE6AE949FB3}
	EndGlobalSection
EndGlobal
